
Microsoft Visual Studio Solution File, Format Version 12.00
# Visual Studio Version 16
VisualStudioVersion = 16.0.31005.135
MinimumVisualStudioVersion = 10.0.40219.1
Project("{9A19103F-16F7-4668-BE54-9A1E7A4F7556}") = "BarWebapp", "BarWebapp.csproj", "{0A43897B-888E-4A3F-91FC-EF17FE9CB07D}"
EndProject
Project("{9A19103F-16F7-4668-BE54-9A1E7A4F7556}") = "BarDatabase", "..\..\PRJ4_Database\BarDatbase\BarDatbase\BarDatabase.csproj", "{6214E765-9D8E-4269-8679-AC49A9CEE611}"
EndProject
Global
	GlobalSection(SolutionConfigurationPlatforms) = preSolution
		Debug|Any CPU = Debug|Any CPU
		Release|Any CPU = Release|Any CPU
	EndGlobalSection
	GlobalSection(ProjectConfigurationPlatforms) = postSolution
		{0A43897B-888E-4A3F-91FC-EF17FE9CB07D}.Debug|Any CPU.ActiveCfg = Debug|Any CPU
		{0A43897B-888E-4A3F-91FC-EF17FE9CB07D}.Debug|Any CPU.Build.0 = Debug|Any CPU
		{0A43897B-888E-4A3F-91FC-EF17FE9CB07D}.Release|Any CPU.ActiveCfg = Release|Any CPU
		{0A43897B-888E-4A3F-91FC-EF17FE9CB07D}.Release|Any CPU.Build.0 = Release|Any CPU
		{6214E765-9D8E-4269-8679-AC49A9CEE611}.Debug|Any CPU.ActiveCfg = Debug|Any CPU
		{6214E765-9D8E-4269-8679-AC49A9CEE611}.Debug|Any CPU.Build.0 = Debug|Any CPU
		{6214E765-9D8E-4269-8679-AC49A9CEE611}.Release|Any CPU.ActiveCfg = Release|Any CPU
		{6214E765-9D8E-4269-8679-AC49A9CEE611}.Release|Any CPU.Build.0 = Release|Any CPU
	EndGlobalSection
	GlobalSection(SolutionProperties) = preSolution
		HideSolutionNode = FALSE
	EndGlobalSection
	GlobalSection(ExtensibilityGlobals) = postSolution
		SolutionGuid = {8DF525A7-EAE1-46A9-983B-5230AC9E8C19}
	EndGlobalSection
EndGlobal
